{
  "name": "insights",
  "version": "1.0.0",
  "lockfileVersion": 1,
  "requires": true,
  "dependencies": {
    "@types/history": {
      "version": "4.7.2",
      "resolved": "https://registry.npmjs.org/@types/history/-/history-4.7.2.tgz",
      "integrity": "sha512-ui3WwXmjTaY73fOQ3/m3nnajU/Orhi6cEu5rzX+BrAAJxa3eITXZ5ch9suPqtM03OWhAHhPSyBGCN4UKoxO20Q==",
      "dev": true
    },
    "@types/prop-types": {
      "version": "15.5.8",
      "resolved": "https://registry.npmjs.org/@types/prop-types/-/prop-types-15.5.8.tgz",
      "integrity": "sha512-3AQoUxQcQtLHsK25wtTWIoIpgYjH3vSDroZOUr7PpCHw/jLY1RB9z9E8dBT/OSmwStVgkRNvdh+ZHNiomRieaw==",
      "dev": true
    },
    "@types/react": {
      "version": "16.7.18",
      "resolved": "https://registry.npmjs.org/@types/react/-/react-16.7.18.tgz",
      "integrity": "sha512-Tx4uu3ppK53/iHk6VpamMP3f3ahfDLEVt3ZQc8TFm30a1H3v9lMsCntBREswZIW/SKrvJjkb3Hq8UwO6GREBng==",
      "dev": true,
      "requires": {
        "@types/prop-types": "*",
        "csstype": "^2.2.0"
      }
    },
    "@types/react-router": {
      "version": "4.4.3",
      "resolved": "https://registry.npmjs.org/@types/react-router/-/react-router-4.4.3.tgz",
      "integrity": "sha512-8GmjakEBFNCLJbpg9jtDp1EDvFP0VkIPPKBpVwmB3Q+9whFoHu8rluMUXUE5SoGkEQvVOtgJzWmUsJojNpFMQQ==",
      "dev": true,
      "requires": {
        "@types/history": "*",
        "@types/react": "*"
      }
    },
    "@types/react-router-dom": {
      "version": "4.3.1",
      "resolved": "https://registry.npmjs.org/@types/react-router-dom/-/react-router-dom-4.3.1.tgz",
      "integrity": "sha512-GbztJAScOmQ/7RsQfO4cd55RuH1W4g6V1gDW3j4riLlt+8yxYLqqsiMzmyuXBLzdFmDtX/uU2Bpcm0cmudv44A==",
      "dev": true,
      "requires": {
        "@types/history": "*",
        "@types/react": "*",
        "@types/react-router": "*"
      }
    },
    "csstype": {
      "version": "2.6.0",
      "resolved": "https://registry.npmjs.org/csstype/-/csstype-2.6.0.tgz",
      "integrity": "sha512-by8hi8BlLbowQq0qtkx54d9aN73R9oUW20HISpka5kmgsR9F7nnxgfsemuR2sdCKZh+CDNf5egW9UZMm4mgJRg==",
      "dev": true
    }
  }
}
